# THIS IS AN AUTOGENERATED FILE. DO NOT EDIT THIS FILE DIRECTLY.
# yarn lockfile v1


"@babel/parser@^7.16.4":
  version "7.21.3"
  resolved "https://registry.yarnpkg.com/@babel/parser/-/parser-7.21.3.tgz#1d285d67a19162ff9daa358d4cb41d50c06220b3"
  integrity sha512-lobG0d7aOfQRXh8AyklEAgZGvA4FShxo6xQbUrrT/cNBPUdIDojlokwJsQyCC/eKia7ifqM0yP+2DRZ4WKw2RQ==

"@esbuild/android-arm64@0.17.11":
  version "0.17.11"
  resolved "https://registry.yarnpkg.com/@esbuild/android-arm64/-/android-arm64-0.17.11.tgz#52c3e6cabc19c5e4c1c0c01cb58f0442338e1c14"
  integrity sha512-QnK4d/zhVTuV4/pRM4HUjcsbl43POALU2zvBynmrrqZt9LPcLA3x1fTZPBg2RRguBQnJcnU059yKr+bydkntjg==

"@esbuild/android-arm@0.17.11":
  version "0.17.11"
  resolved "https://registry.yarnpkg.com/@esbuild/android-arm/-/android-arm-0.17.11.tgz#f3fc768235aecbeb840d0049fdf13cd28592105f"
  integrity sha512-CdyX6sRVh1NzFCsf5vw3kULwlAhfy9wVt8SZlrhQ7eL2qBjGbFhRBWkkAzuZm9IIEOCKJw4DXA6R85g+qc8RDw==

"@esbuild/android-x64@0.17.11":
  version "0.17.11"
  resolved "https://registry.yarnpkg.com/@esbuild/android-x64/-/android-x64-0.17.11.tgz#443ed47771a7e917e4282469ba350d117473550c"
  integrity sha512-3PL3HKtsDIXGQcSCKtWD/dy+mgc4p2Tvo2qKgKHj9Yf+eniwFnuoQ0OUhlSfAEpKAFzF9N21Nwgnap6zy3L3MQ==

"@esbuild/darwin-arm64@0.17.11":
  version "0.17.11"
  resolved "https://registry.yarnpkg.com/@esbuild/darwin-arm64/-/darwin-arm64-0.17.11.tgz#0e8c78d94d5759a48521dbfd83189d2ed3499a16"
  integrity sha512-pJ950bNKgzhkGNO3Z9TeHzIFtEyC2GDQL3wxkMApDEghYx5Qers84UTNc1bAxWbRkuJOgmOha5V0WUeh8G+YGw==

"@esbuild/darwin-x64@0.17.11":
  version "0.17.11"
  resolved "https://registry.yarnpkg.com/@esbuild/darwin-x64/-/darwin-x64-0.17.11.tgz#2405cfdf70eb961c7cf973463ca7263dc2004c88"
  integrity sha512-iB0dQkIHXyczK3BZtzw1tqegf0F0Ab5texX2TvMQjiJIWXAfM4FQl7D909YfXWnB92OQz4ivBYQ2RlxBJrMJOw==

"@esbuild/freebsd-arm64@0.17.11":
  version "0.17.11"
  resolved "https://registry.yarnpkg.com/@esbuild/freebsd-arm64/-/freebsd-arm64-0.17.11.tgz#d5138e873e15f87bd4564c024dfa00ef37e623fd"
  integrity sha512-7EFzUADmI1jCHeDRGKgbnF5sDIceZsQGapoO6dmw7r/ZBEKX7CCDnIz8m9yEclzr7mFsd+DyasHzpjfJnmBB1Q==

"@esbuild/freebsd-x64@0.17.11":
  version "0.17.11"
  resolved "https://registry.yarnpkg.com/@esbuild/freebsd-x64/-/freebsd-x64-0.17.11.tgz#e850b58b8fabf8e9ef0e125af3c25229ad2d6c38"
  integrity sha512-iPgenptC8i8pdvkHQvXJFzc1eVMR7W2lBPrTE6GbhR54sLcF42mk3zBOjKPOodezzuAz/KSu8CPyFSjcBMkE9g==

"@esbuild/linux-arm64@0.17.11":
  version "0.17.11"
  resolved "https://registry.yarnpkg.com/@esbuild/linux-arm64/-/linux-arm64-0.17.11.tgz#2bfb93d0809ec2357c12ebb27736b750c9ae0aa5"
  integrity sha512-Qxth3gsWWGKz2/qG2d5DsW/57SeA2AmpSMhdg9TSB5Svn2KDob3qxfQSkdnWjSd42kqoxIPy3EJFs+6w1+6Qjg==

"@esbuild/linux-arm@0.17.11":
  version "0.17.11"
  resolved "https://registry.yarnpkg.com/@esbuild/linux-arm/-/linux-arm-0.17.11.tgz#e56fb3b76828317a704f4a167c5bd790fe5314e7"
  integrity sha512-M9iK/d4lgZH0U5M1R2p2gqhPV/7JPJcRz+8O8GBKVgqndTzydQ7B2XGDbxtbvFkvIs53uXTobOhv+RyaqhUiMg==

"@esbuild/linux-ia32@0.17.11":
  version "0.17.11"
  resolved "https://registry.yarnpkg.com/@esbuild/linux-ia32/-/linux-ia32-0.17.11.tgz#59fa1c49b271793d14eb5effc757e8c0d0cb2cab"
  integrity sha512-dB1nGaVWtUlb/rRDHmuDQhfqazWE0LMro/AIbT2lWM3CDMHJNpLckH+gCddQyhhcLac2OYw69ikUMO34JLt3wA==

"@esbuild/linux-loong64@0.17.11":
  version "0.17.11"
  resolved "https://registry.yarnpkg.com/@esbuild/linux-loong64/-/linux-loong64-0.17.11.tgz#89575bc189099c03a36daa54f3f481780c7fd502"
  integrity sha512-aCWlq70Q7Nc9WDnormntGS1ar6ZFvUpqr8gXtO+HRejRYPweAFQN615PcgaSJkZjhHp61+MNLhzyVALSF2/Q0g==

"@esbuild/linux-mips64el@0.17.11":
  version "0.17.11"
  resolved "https://registry.yarnpkg.com/@esbuild/linux-mips64el/-/linux-mips64el-0.17.11.tgz#0e18ca039dc7e4645efd8edc1b10952933eb6b1b"
  integrity sha512-cGeGNdQxqY8qJwlYH1BP6rjIIiEcrM05H7k3tR7WxOLmD1ZxRMd6/QIOWMb8mD2s2YJFNRuNQ+wjMhgEL2oCEw==

"@esbuild/linux-ppc64@0.17.11":
  version "0.17.11"
  resolved "https://registry.yarnpkg.com/@esbuild/linux-ppc64/-/linux-ppc64-0.17.11.tgz#2d152cb3a253afb8c100a165ad132dc96f36cb11"
  integrity sha512-BdlziJQPW/bNe0E8eYsHB40mYOluS+jULPCjlWiHzDgr+ZBRXPtgMV1nkLEGdpjrwgmtkZHEGEPaKdS/8faLDA==

"@esbuild/linux-riscv64@0.17.11":
  version "0.17.11"
  resolved "https://registry.yarnpkg.com/@esbuild/linux-riscv64/-/linux-riscv64-0.17.11.tgz#c6ac494a81221d53d65b33e665c7df1747952d3c"
  integrity sha512-MDLwQbtF+83oJCI1Cixn68Et/ME6gelmhssPebC40RdJaect+IM+l7o/CuG0ZlDs6tZTEIoxUe53H3GmMn8oMA==

"@esbuild/linux-s390x@0.17.11":
  version "0.17.11"
  resolved "https://registry.yarnpkg.com/@esbuild/linux-s390x/-/linux-s390x-0.17.11.tgz#4bad33894bc7415cea4be8fa90fe456226a424ad"
  integrity sha512-4N5EMESvws0Ozr2J94VoUD8HIRi7X0uvUv4c0wpTHZyZY9qpaaN7THjosdiW56irQ4qnJ6Lsc+i+5zGWnyqWqQ==

"@esbuild/linux-x64@0.17.11":
  version "0.17.11"
  resolved "https://registry.yarnpkg.com/@esbuild/linux-x64/-/linux-x64-0.17.11.tgz#903fda743459f530a16a6c6ee8d2c0f6c1a12fc7"
  integrity sha512-rM/v8UlluxpytFSmVdbCe1yyKQd/e+FmIJE2oPJvbBo+D0XVWi1y/NQ4iTNx+436WmDHQBjVLrbnAQLQ6U7wlw==

"@esbuild/netbsd-x64@0.17.11":
  version "0.17.11"
  resolved "https://registry.yarnpkg.com/@esbuild/netbsd-x64/-/netbsd-x64-0.17.11.tgz#b589239fe7d9b16ee03c5e191f3f5b640f1518a1"
  integrity sha512-4WaAhuz5f91h3/g43VBGdto1Q+X7VEZfpcWGtOFXnggEuLvjV+cP6DyLRU15IjiU9fKLLk41OoJfBFN5DhPvag==

"@esbuild/openbsd-x64@0.17.11":
  version "0.17.11"
  resolved "https://registry.yarnpkg.com/@esbuild/openbsd-x64/-/openbsd-x64-0.17.11.tgz#b355019754116bef39ec688f8fd2fe6471b9779b"
  integrity sha512-UBj135Nx4FpnvtE+C8TWGp98oUgBcmNmdYgl5ToKc0mBHxVVqVE7FUS5/ELMImOp205qDAittL6Ezhasc2Ev/w==

"@esbuild/sunos-x64@0.17.11":
  version "0.17.11"
  resolved "https://registry.yarnpkg.com/@esbuild/sunos-x64/-/sunos-x64-0.17.11.tgz#2ea47fb592e68406e5025a7696dc714fc6a115dc"
  integrity sha512-1/gxTifDC9aXbV2xOfCbOceh5AlIidUrPsMpivgzo8P8zUtczlq1ncFpeN1ZyQJ9lVs2hILy1PG5KPp+w8QPPg==

"@esbuild/win32-arm64@0.17.11":
  version "0.17.11"
  resolved "https://registry.yarnpkg.com/@esbuild/win32-arm64/-/win32-arm64-0.17.11.tgz#47e6fdab17c4c52e6e0d606dd9cb843b29826325"
  integrity sha512-vtSfyx5yRdpiOW9yp6Ax0zyNOv9HjOAw8WaZg3dF5djEHKKm3UnoohftVvIJtRh0Ec7Hso0RIdTqZvPXJ7FdvQ==

"@esbuild/win32-ia32@0.17.11":
  version "0.17.11"
  resolved "https://registry.yarnpkg.com/@esbuild/win32-ia32/-/win32-ia32-0.17.11.tgz#a97273aa3164c8d8f501899f55cc75a4a79599a3"
  integrity sha512-GFPSLEGQr4wHFTiIUJQrnJKZhZjjq4Sphf+mM76nQR6WkQn73vm7IsacmBRPkALfpOCHsopSvLgqdd4iUW2mYw==

"@esbuild/win32-x64@0.17.11":
  version "0.17.11"
  resolved "https://registry.yarnpkg.com/@esbuild/win32-x64/-/win32-x64-0.17.11.tgz#9be796d93ae27b636da32d960899a4912bca27a1"
  integrity sha512-N9vXqLP3eRL8BqSy8yn4Y98cZI2pZ8fyuHx6lKjiG2WABpT2l01TXdzq5Ma2ZUBzfB7tx5dXVhge8X9u0S70ZQ==

"@kurkle/color@^0.3.0":
  version "0.3.2"
  resolved "https://registry.yarnpkg.com/@kurkle/color/-/color-0.3.2.tgz#5acd38242e8bde4f9986e7913c8fdf49d3aa199f"
  integrity sha512-fuscdXJ9G1qb7W8VdHi+IwRqij3lBkosAm4ydQtEmbY58OzHXqQhvlxqEkoz0yssNVn38bcpRWgA9PP+OGoisw==

"@mdi/font@^7.1.96":
  version "7.1.96"
  resolved "https://registry.yarnpkg.com/@mdi/font/-/font-7.1.96.tgz#211ca4acfa31964278e5085de595e8c73967d400"
  integrity sha512-Imag6npmfkBDi2Ze2jiZVAPTDIKLxhz2Sx82xJ2zctyAU5LYJejLI5ChnDwiD9bMkQfVuzEsI98Q8toHyC+HCg==

"@types/lodash@^4.14.191":
  version "4.14.191"
  resolved "https://registry.yarnpkg.com/@types/lodash/-/lodash-4.14.191.tgz#09511e7f7cba275acd8b419ddac8da9a6a79e2fa"
  integrity sha512-BdZ5BCCvho3EIXw6wUCXHe7rS53AIDPLE+JzwgT+OsJk53oBfbSmZZ7CX4VaRoN78N+TJpFi9QPlfIVNmJYWxQ==

"@types/node@^18.15.3":
  version "18.15.3"
  resolved "https://registry.yarnpkg.com/@types/node/-/node-18.15.3.tgz#f0b991c32cfc6a4e7f3399d6cb4b8cf9a0315014"
  integrity sha512-p6ua9zBxz5otCmbpb5D3U4B5Nanw6Pk3PPyX05xnxbB/fRv71N7CPmORg7uAD5P70T0xmx1pzAx/FUfa5X+3cw==

"@types/uuid@^9.0.1":
  version "9.0.1"
  resolved "https://registry.yarnpkg.com/@types/uuid/-/uuid-9.0.1.tgz#98586dc36aee8dacc98cc396dbca8d0429647aa6"
  integrity sha512-rFT3ak0/2trgvp4yYZo5iKFEPsET7vKydKF+VRCxlQ9bpheehyAJH89dAkaLEq/j/RZXJIqcgsmPJKUP1Z28HA==

"@vitejs/plugin-vue@^4.1.0":
  version "4.1.0"
  resolved "https://registry.yarnpkg.com/@vitejs/plugin-vue/-/plugin-vue-4.1.0.tgz#b6a9d83cd91575f7ee15593f6444397f68751073"
  integrity sha512-++9JOAFdcXI3lyer9UKUV4rfoQ3T1RN8yDqoCLar86s0xQct5yblxAE+yWgRnU5/0FOlVCpTZpYSBV/bGWrSrQ==

"@volar/language-core@1.3.0-alpha.0":
  version "1.3.0-alpha.0"
  resolved "https://registry.yarnpkg.com/@volar/language-core/-/language-core-1.3.0-alpha.0.tgz#4924b4cbc37dbce5f3845c1d2b2811938223a980"
  integrity sha512-W3uMzecHPcbwddPu4SJpUcPakRBK/y/BP+U0U6NiPpUX1tONLC4yCawt+QBJqtgJ+sfD6ztf5PyvPL3hQRqfOA==
  dependencies:
    "@volar/source-map" "1.3.0-alpha.0"

"@volar/source-map@1.3.0-alpha.0":
  version "1.3.0-alpha.0"
  resolved "https://registry.yarnpkg.com/@volar/source-map/-/source-map-1.3.0-alpha.0.tgz#c45d51ecb9759604d29fb80211d2fc9765e5559c"
  integrity sha512-jSdizxWFvDTvkPYZnO6ew3sBZUnS0abKCbuopkc0JrIlFbznWC/fPH3iPFIMS8/IIkRxq1Jh9VVG60SmtsdaMQ==
  dependencies:
    muggle-string "^0.2.2"

"@volar/typescript@1.3.0-alpha.0":
  version "1.3.0-alpha.0"
  resolved "https://registry.yarnpkg.com/@volar/typescript/-/typescript-1.3.0-alpha.0.tgz#f79bbc9939016700812b18191c47eb035913c6c3"
  integrity sha512-5UItyW2cdH2mBLu4RrECRNJRgtvvzKrSCn2y3v/D61QwIDkGx4aeil6x8RFuUL5TFtV6QvVHXnsOHxNgd+sCow==
  dependencies:
    "@volar/language-core" "1.3.0-alpha.0"

"@volar/vue-language-core@1.2.0":
  version "1.2.0"
  resolved "https://registry.yarnpkg.com/@volar/vue-language-core/-/vue-language-core-1.2.0.tgz#a600aa93c6a4e89bf2b525b7e876b39e3afdfb9b"
  integrity sha512-w7yEiaITh2WzKe6u8ZdeLKCUz43wdmY/OqAmsB/PGDvvhTcVhCJ6f0W/RprZL1IhqH8wALoWiwEh/Wer7ZviMQ==
  dependencies:
    "@volar/language-core" "1.3.0-alpha.0"
    "@volar/source-map" "1.3.0-alpha.0"
    "@vue/compiler-dom" "^3.2.47"
    "@vue/compiler-sfc" "^3.2.47"
    "@vue/reactivity" "^3.2.47"
    "@vue/shared" "^3.2.47"
    minimatch "^6.1.6"
    muggle-string "^0.2.2"
    vue-template-compiler "^2.7.14"

"@volar/vue-typescript@1.2.0":
  version "1.2.0"
  resolved "https://registry.yarnpkg.com/@volar/vue-typescript/-/vue-typescript-1.2.0.tgz#825dab4624a116d8be21efbf0c4a7bd6dec51d37"
  integrity sha512-zjmRi9y3J1EkG+pfuHp8IbHmibihrKK485cfzsHjiuvJMGrpkWvlO5WVEk8oslMxxeGC5XwBFE9AOlvh378EPA==
  dependencies:
    "@volar/typescript" "1.3.0-alpha.0"
    "@volar/vue-language-core" "1.2.0"

"@vue/compiler-core@3.2.47":
  version "3.2.47"
  resolved "https://registry.yarnpkg.com/@vue/compiler-core/-/compiler-core-3.2.47.tgz#3e07c684d74897ac9aa5922c520741f3029267f8"
  integrity sha512-p4D7FDnQb7+YJmO2iPEv0SQNeNzcbHdGByJDsT4lynf63AFkOTFN07HsiRSvjGo0QrxR/o3d0hUyNCUnBU2Tig==
  dependencies:
    "@babel/parser" "^7.16.4"
    "@vue/shared" "3.2.47"
    estree-walker "^2.0.2"
    source-map "^0.6.1"

"@vue/compiler-dom@3.2.47", "@vue/compiler-dom@^3.2.47":
  version "3.2.47"
  resolved "https://registry.yarnpkg.com/@vue/compiler-dom/-/compiler-dom-3.2.47.tgz#a0b06caf7ef7056939e563dcaa9cbde30794f305"
  integrity sha512-dBBnEHEPoftUiS03a4ggEig74J2YBZ2UIeyfpcRM2tavgMWo4bsEfgCGsu+uJIL/vax9S+JztH8NmQerUo7shQ==
  dependencies:
    "@vue/compiler-core" "3.2.47"
    "@vue/shared" "3.2.47"

"@vue/compiler-sfc@3.2.47", "@vue/compiler-sfc@^3.2.47":
  version "3.2.47"
  resolved "https://registry.yarnpkg.com/@vue/compiler-sfc/-/compiler-sfc-3.2.47.tgz#1bdc36f6cdc1643f72e2c397eb1a398f5004ad3d"
  integrity sha512-rog05W+2IFfxjMcFw10tM9+f7i/+FFpZJJ5XHX72NP9eC2uRD+42M3pYcQqDXVYoj74kHMSEdQ/WmCjt8JFksQ==
  dependencies:
    "@babel/parser" "^7.16.4"
    "@vue/compiler-core" "3.2.47"
    "@vue/compiler-dom" "3.2.47"
    "@vue/compiler-ssr" "3.2.47"
    "@vue/reactivity-transform" "3.2.47"
    "@vue/shared" "3.2.47"
    estree-walker "^2.0.2"
    magic-string "^0.25.7"
    postcss "^8.1.10"
    source-map "^0.6.1"

"@vue/compiler-ssr@3.2.47":
  version "3.2.47"
  resolved "https://registry.yarnpkg.com/@vue/compiler-ssr/-/compiler-ssr-3.2.47.tgz#35872c01a273aac4d6070ab9d8da918ab13057ee"
  integrity sha512-wVXC+gszhulcMD8wpxMsqSOpvDZ6xKXSVWkf50Guf/S+28hTAXPDYRTbLQ3EDkOP5Xz/+SY37YiwDquKbJOgZw==
  dependencies:
    "@vue/compiler-dom" "3.2.47"
    "@vue/shared" "3.2.47"

"@vue/devtools-api@^6.4.5", "@vue/devtools-api@^6.5.0":
  version "6.5.0"
  resolved "https://registry.yarnpkg.com/@vue/devtools-api/-/devtools-api-6.5.0.tgz#98b99425edee70b4c992692628fa1ea2c1e57d07"
  integrity sha512-o9KfBeaBmCKl10usN4crU53fYtC1r7jJwdGKjPT24t348rHxgfpZ0xL3Xm/gLUYnc0oTp8LAmrxOeLyu6tbk2Q==

"@vue/reactivity-transform@3.2.47":
  version "3.2.47"
  resolved "https://registry.yarnpkg.com/@vue/reactivity-transform/-/reactivity-transform-3.2.47.tgz#e45df4d06370f8abf29081a16afd25cffba6d84e"
  integrity sha512-m8lGXw8rdnPVVIdIFhf0LeQ/ixyHkH5plYuS83yop5n7ggVJU+z5v0zecwEnX7fa7HNLBhh2qngJJkxpwEEmYA==
  dependencies:
    "@babel/parser" "^7.16.4"
    "@vue/compiler-core" "3.2.47"
    "@vue/shared" "3.2.47"
    estree-walker "^2.0.2"
    magic-string "^0.25.7"

"@vue/reactivity@3.2.47", "@vue/reactivity@^3.2.47":
  version "3.2.47"
  resolved "https://registry.yarnpkg.com/@vue/reactivity/-/reactivity-3.2.47.tgz#1d6399074eadfc3ed35c727e2fd707d6881140b6"
  integrity sha512-7khqQ/75oyyg+N/e+iwV6lpy1f5wq759NdlS1fpAhFXa8VeAIKGgk2E/C4VF59lx5b+Ezs5fpp/5WsRYXQiKxQ==
  dependencies:
    "@vue/shared" "3.2.47"

"@vue/runtime-core@3.2.47":
  version "3.2.47"
  resolved "https://registry.yarnpkg.com/@vue/runtime-core/-/runtime-core-3.2.47.tgz#406ebade3d5551c00fc6409bbc1eeb10f32e121d"
  integrity sha512-RZxbLQIRB/K0ev0K9FXhNbBzT32H9iRtYbaXb0ZIz2usLms/D55dJR2t6cIEUn6vyhS3ALNvNthI+Q95C+NOpA==
  dependencies:
    "@vue/reactivity" "3.2.47"
    "@vue/shared" "3.2.47"

"@vue/runtime-dom@3.2.47":
  version "3.2.47"
  resolved "https://registry.yarnpkg.com/@vue/runtime-dom/-/runtime-dom-3.2.47.tgz#93e760eeaeab84dedfb7c3eaf3ed58d776299382"
  integrity sha512-ArXrFTjS6TsDei4qwNvgrdmHtD930KgSKGhS5M+j8QxXrDJYLqYw4RRcDy1bz1m1wMmb6j+zGLifdVHtkXA7gA==
  dependencies:
    "@vue/runtime-core" "3.2.47"
    "@vue/shared" "3.2.47"
    csstype "^2.6.8"

"@vue/server-renderer@3.2.47":
  version "3.2.47"
  resolved "https://registry.yarnpkg.com/@vue/server-renderer/-/server-renderer-3.2.47.tgz#8aa1d1871fc4eb5a7851aa7f741f8f700e6de3c0"
  integrity sha512-dN9gc1i8EvmP9RCzvneONXsKfBRgqFeFZLurmHOveL7oH6HiFXJw5OGu294n1nHc/HMgTy6LulU/tv5/A7f/LA==
  dependencies:
    "@vue/compiler-ssr" "3.2.47"
    "@vue/shared" "3.2.47"

"@vue/shared@3.2.47", "@vue/shared@^3.2.47":
  version "3.2.47"
  resolved "https://registry.yarnpkg.com/@vue/shared/-/shared-3.2.47.tgz#e597ef75086c6e896ff5478a6bfc0a7aa4bbd14c"
  integrity sha512-BHGyyGN3Q97EZx0taMQ+OLNuZcW3d37ZEVmEAyeoA9ERdGvm9Irc/0Fua8SNyOtV1w6BS4q25wbMzJujO9HIfQ==

asynckit@^0.4.0:
  version "0.4.0"
  resolved "https://registry.yarnpkg.com/asynckit/-/asynckit-0.4.0.tgz#c79ed97f7f34cb8f2ba1bc9790bcc366474b4b79"
  integrity sha512-Oei9OH4tRh0YqU3GxhX79dM/mwVgvbZJaSNaRk+bshkj0S5cfHcgYakreBjrHwatXKbz+IoIdYLxrKim2MjW0Q==

axios@^1.3.4:
  version "1.3.4"
  resolved "https://registry.yarnpkg.com/axios/-/axios-1.3.4.tgz#f5760cefd9cfb51fd2481acf88c05f67c4523024"
  integrity sha512-toYm+Bsyl6VC5wSkfkbbNB6ROv7KY93PEBBL6xyDczaIHasAiv4wPqQ/c4RjoQzipxRD2W5g21cOqQulZ7rHwQ==
  dependencies:
    follow-redirects "^1.15.0"
    form-data "^4.0.0"
    proxy-from-env "^1.1.0"

balanced-match@^1.0.0:
  version "1.0.2"
  resolved "https://registry.yarnpkg.com/balanced-match/-/balanced-match-1.0.2.tgz#e83e3a7e3f300b34cb9d87f615fa0cbf357690ee"
  integrity sha512-3oSeUO0TMV67hN1AmbXsK4yaqU7tjiHlbxRDZOpH0KW9+CeX4bRAaX0Anxt0tx2MrpRpWwQaPwIlISEJhYU5Pw==

brace-expansion@^2.0.1:
  version "2.0.1"
  resolved "https://registry.yarnpkg.com/brace-expansion/-/brace-expansion-2.0.1.tgz#1edc459e0f0c548486ecf9fc99f2221364b9a0ae"
  integrity sha512-XnAIvQ8eM+kC6aULx6wuQiwVsnzsi9d3WxzV3FpWTGA19F621kwdbsAcFKXgKUHZWsy+mY6iL1sHTxWEFCytDA==
  dependencies:
    balanced-match "^1.0.0"

chart.js@^4.2.1:
  version "4.2.1"
  resolved "https://registry.yarnpkg.com/chart.js/-/chart.js-4.2.1.tgz#d2bd5c98e9a0ae35408975b638f40513b067ba1d"
  integrity sha512-6YbpQ0nt3NovAgOzbkSSeeAQu/3za1319dPUQTXn9WcOpywM8rGKxJHrhS8V8xEkAlk8YhEfjbuAPfUyp6jIsw==
  dependencies:
    "@kurkle/color" "^0.3.0"

combined-stream@^1.0.8:
  version "1.0.8"
  resolved "https://registry.yarnpkg.com/combined-stream/-/combined-stream-1.0.8.tgz#c3d45a8b34fd730631a110a8a2520682b31d5a7f"
  integrity sha512-FQN4MRfuJeHf7cBbBMJFXhKSDq+2kAArBlmRBvcvFE5BB1HZKXtSFASDhdlz9zOYwxh8lDdnvmMOe/+5cdoEdg==
  dependencies:
    delayed-stream "~1.0.0"

core-util-is@~1.0.0:
  version "1.0.3"
  resolved "https://registry.yarnpkg.com/core-util-is/-/core-util-is-1.0.3.tgz#a6042d3634c2b27e9328f837b965fac83808db85"
  integrity sha512-ZQBvi1DcpJ4GDqanjucZ2Hj3wEO5pZDS89BWbkcrvdxksJorwUDDZamX9ldFkp9aw2lmBDLgkObEA4DWNJ9FYQ==

csstype@^2.6.8:
  version "2.6.21"
  resolved "https://registry.yarnpkg.com/csstype/-/csstype-2.6.21.tgz#2efb85b7cc55c80017c66a5ad7cbd931fda3a90e"
  integrity sha512-Z1PhmomIfypOpoMjRQB70jfvy/wxT50qW08YXO5lMIJkrdq4yOTR+AW7FqutScmB9NkLwxo+jU+kZLbofZZq/w==

de-indent@^1.0.2:
  version "1.0.2"
  resolved "https://registry.yarnpkg.com/de-indent/-/de-indent-1.0.2.tgz#b2038e846dc33baa5796128d0804b455b8c1e21d"
  integrity sha512-e/1zu3xH5MQryN2zdVaF0OrdNLUbvWxzMbi+iNA6Bky7l1RoP8a2fIbRocyHclXt/arDrrR6lL3TqFD9pMQTsg==

delayed-stream@~1.0.0:
  version "1.0.0"
  resolved "https://registry.yarnpkg.com/delayed-stream/-/delayed-stream-1.0.0.tgz#df3ae199acadfb7d440aaae0b29e2272b24ec619"
  integrity sha512-ZySD7Nf91aLB0RxL4KGrKHBXl7Eds1DAmEdcoVawXnLD7SDhpNgtuII2aAkg7a7QS41jxPSZ17p4VdGnMHk3MQ==

esbuild@^0.17.5:
  version "0.17.11"
  resolved "https://registry.yarnpkg.com/esbuild/-/esbuild-0.17.11.tgz#9f3122643b21d7e7731e42f18576c10bfa28152b"
  integrity sha512-pAMImyokbWDtnA/ufPxjQg0fYo2DDuzAlqwnDvbXqHLphe+m80eF++perYKVm8LeTuj2zUuFXC+xgSVxyoHUdg==
  optionalDependencies:
    "@esbuild/android-arm" "0.17.11"
    "@esbuild/android-arm64" "0.17.11"
    "@esbuild/android-x64" "0.17.11"
    "@esbuild/darwin-arm64" "0.17.11"
    "@esbuild/darwin-x64" "0.17.11"
    "@esbuild/freebsd-arm64" "0.17.11"
    "@esbuild/freebsd-x64" "0.17.11"
    "@esbuild/linux-arm" "0.17.11"
    "@esbuild/linux-arm64" "0.17.11"
    "@esbuild/linux-ia32" "0.17.11"
    "@esbuild/linux-loong64" "0.17.11"
    "@esbuild/linux-mips64el" "0.17.11"
    "@esbuild/linux-ppc64" "0.17.11"
    "@esbuild/linux-riscv64" "0.17.11"
    "@esbuild/linux-s390x" "0.17.11"
    "@esbuild/linux-x64" "0.17.11"
    "@esbuild/netbsd-x64" "0.17.11"
    "@esbuild/openbsd-x64" "0.17.11"
    "@esbuild/sunos-x64" "0.17.11"
    "@esbuild/win32-arm64" "0.17.11"
    "@esbuild/win32-ia32" "0.17.11"
    "@esbuild/win32-x64" "0.17.11"

estree-walker@^2.0.2:
  version "2.0.2"
  resolved "https://registry.yarnpkg.com/estree-walker/-/estree-walker-2.0.2.tgz#52f010178c2a4c117a7757cfe942adb7d2da4cac"
  integrity sha512-Rfkk/Mp/DL7JVje3u18FxFujQlTNR2q6QfMSMB7AvCBx91NGj/ba3kCfza0f6dVDbw7YlRf/nDrn7pQrCCyQ/w==

follow-redirects@^1.15.0:
  version "1.15.2"
  resolved "https://registry.yarnpkg.com/follow-redirects/-/follow-redirects-1.15.2.tgz#b460864144ba63f2681096f274c4e57026da2c13"
  integrity sha512-VQLG33o04KaQ8uYi2tVNbdrWp1QWxNNea+nmIB4EVM28v0hmP17z7aG1+wAkNzVq4KeXTq3221ye5qTJP91JwA==

form-data@^4.0.0:
  version "4.0.0"
  resolved "https://registry.yarnpkg.com/form-data/-/form-data-4.0.0.tgz#93919daeaf361ee529584b9b31664dc12c9fa452"
  integrity sha512-ETEklSGi5t0QMZuiXoA/Q6vcnxcLQP5vdugSpuAyi6SVGi2clPPp+xgEhuMaHC+zGgn31Kd235W35f7Hykkaww==
  dependencies:
    asynckit "^0.4.0"
    combined-stream "^1.0.8"
    mime-types "^2.1.12"

fsevents@~2.3.2:
  version "2.3.2"
  resolved "https://registry.yarnpkg.com/fsevents/-/fsevents-2.3.2.tgz#8a526f78b8fdf4623b709e0b975c52c24c02fd1a"
  integrity sha512-xiqMQR4xAeHTuB9uWm+fFRcIOgKBMiOBP+eXiyT7jsgVCq1bkVygt00oASowB7EdtpOHaaPgKt812P9ab+DDKA==

function-bind@^1.1.1:
  version "1.1.1"
  resolved "https://registry.yarnpkg.com/function-bind/-/function-bind-1.1.1.tgz#a56899d3ea3c9bab874bb9773b7c5ede92f4895d"
  integrity sha512-yIovAzMX49sF8Yl58fSCWJ5svSLuaibPxXQJFLmBObTuCr0Mf1KiPopGM9NiFjiYBCbfaa2Fh6breQ6ANVTI0A==

has@^1.0.3:
  version "1.0.3"
  resolved "https://registry.yarnpkg.com/has/-/has-1.0.3.tgz#722d7cbfc1f6aa8241f16dd814e011e1f41e8796"
  integrity sha512-f2dvO0VU6Oej7RkWJGrehjbzMAjFp5/VKPp5tTpWIV4JHHZK1/BxbFRtf/siA2SWTe09caDmVtYYzWEIbBS4zw==
  dependencies:
    function-bind "^1.1.1"

he@^1.2.0:
  version "1.2.0"
  resolved "https://registry.yarnpkg.com/he/-/he-1.2.0.tgz#84ae65fa7eafb165fddb61566ae14baf05664f0f"
  integrity sha512-F/1DnUGPopORZi0ni+CvrCgHQ5FyEAHRLSApuYWMmrbSwoN2Mn/7k+Gl38gJnR7yyDZk6WLXwiGod1JOWNDKGw==

immediate@~3.0.5:
  version "3.0.6"
  resolved "https://registry.yarnpkg.com/immediate/-/immediate-3.0.6.tgz#9db1dbd0faf8de6fbe0f5dd5e56bb606280de69b"
  integrity sha512-XXOFtyqDjNDAQxVfYxuF7g9Il/IbWmmlQg2MYKOH8ExIT1qg6xc4zyS3HaEEATgs1btfzxq15ciUiY7gjSXRGQ==

inherits@~2.0.3:
  version "2.0.4"
  resolved "https://registry.yarnpkg.com/inherits/-/inherits-2.0.4.tgz#0fa2c64f932917c3433a0ded55363aae37416b7c"
  integrity sha512-k/vGaX4/Yla3WzyMCvTQOXYeIHvqOKtnqBduzTHpzpQZzAskKMhZ2K+EnBiSM9zGSoIFeMpXKxa4dYeZIQqewQ==

is-core-module@^2.9.0:
  version "2.11.0"
  resolved "https://registry.yarnpkg.com/is-core-module/-/is-core-module-2.11.0.tgz#ad4cb3e3863e814523c96f3f58d26cc570ff0144"
  integrity sha512-RRjxlvLDkD1YJwDbroBHMb+cukurkDWNyHx7D3oNB5x9rb5ogcksMC5wHCadcXoo67gVr/+3GFySh3134zi6rw==
  dependencies:
    has "^1.0.3"

isarray@~1.0.0:
  version "1.0.0"
  resolved "https://registry.yarnpkg.com/isarray/-/isarray-1.0.0.tgz#bb935d48582cba168c06834957a54a3e07124f11"
  integrity sha512-VLghIWNM6ELQzo7zwmcg0NmTVyWKYjvIeM83yjp0wRDTmUnrM678fQbcKBo6n2CJEF0szoG//ytg+TKla89ALQ==

jszip@^3.10.1:
  version "3.10.1"
  resolved "https://registry.yarnpkg.com/jszip/-/jszip-3.10.1.tgz#34aee70eb18ea1faec2f589208a157d1feb091c2"
  integrity sha512-xXDvecyTpGLrqFrvkrUSoxxfJI5AH7U8zxxtVclpsUtMCq4JQ290LY8AW5c7Ggnr/Y/oK+bQMbqK2qmtk3pN4g==
  dependencies:
    lie "~3.3.0"
    pako "~1.0.2"
    readable-stream "~2.3.6"
    setimmediate "^1.0.5"

lancer-data@^3.0.47:
  version "3.0.47"
  resolved "https://registry.yarnpkg.com/lancer-data/-/lancer-data-3.0.47.tgz#e1fc69de842702899df6cf7cba0f78bf799033a1"
  integrity sha512-fbxIG/7TLbTi+M/Kx/VFRF8aKbQJQoaB+yrOaq3yg3L7ltIxOuEW/Gc4rM9xnFv5stOBGxRa8YY5jPood2FwWQ==

lie@3.1.1:
  version "3.1.1"
  resolved "https://registry.yarnpkg.com/lie/-/lie-3.1.1.tgz#9a436b2cc7746ca59de7a41fa469b3efb76bd87e"
  integrity sha512-RiNhHysUjhrDQntfYSfY4MU24coXXdEOgw9WGcKHNeEwffDYbF//u87M1EWaMGzuFoSbqW0C9C6lEEhDOAswfw==
  dependencies:
    immediate "~3.0.5"

lie@~3.3.0:
  version "3.3.0"
  resolved "https://registry.yarnpkg.com/lie/-/lie-3.3.0.tgz#dcf82dee545f46074daf200c7c1c5a08e0f40f6a"
  integrity sha512-UaiMJzeWRlEujzAuw5LokY1L5ecNQYZKfmyZ9L7wDHb/p5etKaxXhohBcrw0EYby+G/NA52vRSN4N39dxHAIwQ==
  dependencies:
    immediate "~3.0.5"

localforage@^1.10.0:
  version "1.10.0"
  resolved "https://registry.yarnpkg.com/localforage/-/localforage-1.10.0.tgz#5c465dc5f62b2807c3a84c0c6a1b1b3212781dd4"
  integrity sha512-14/H1aX7hzBBmmh7sGPd+AOMkkIrHM3Z1PAyGgZigA1H1p5O5ANnMyWzvpAETtG68/dC4pC0ncy3+PPGzXZHPg==
  dependencies:
    lie "3.1.1"

lodash@^4.17.21:
  version "4.17.21"
  resolved "https://registry.yarnpkg.com/lodash/-/lodash-4.17.21.tgz#679591c564c3bffaae8454cf0b3df370c3d6911c"
  integrity sha512-v2kDEe57lecTulaDIuNTPy3Ry4gLGJ6Z1O3vE1krgXZNrsQ+LFTGHVxVjcXPs17LhbZVGedAJv8XZ1tvj5FvSg==

magic-string@^0.25.7:
  version "0.25.9"
  resolved "https://registry.yarnpkg.com/magic-string/-/magic-string-0.25.9.tgz#de7f9faf91ef8a1c91d02c2e5314c8277dbcdd1c"
  integrity sha512-RmF0AsMzgt25qzqqLc1+MbHmhdx0ojF2Fvs4XnOqz2ZOBXzzkEwc/dJQZCYHAn7v1jbVOjAZfK8msRn4BxO4VQ==
  dependencies:
    sourcemap-codec "^1.4.8"

mime-db@1.52.0:
  version "1.52.0"
  resolved "https://registry.yarnpkg.com/mime-db/-/mime-db-1.52.0.tgz#bbabcdc02859f4987301c856e3387ce5ec43bf70"
  integrity sha512-sPU4uV7dYlvtWJxwwxHD0PuihVNiE7TyAbQ5SWxDCB9mUYvOgroQOwYQQOKPJ8CIbE+1ETVlOoK1UC2nU3gYvg==

mime-types@^2.1.12:
  version "2.1.35"
  resolved "https://registry.yarnpkg.com/mime-types/-/mime-types-2.1.35.tgz#381a871b62a734450660ae3deee44813f70d959a"
  integrity sha512-ZDY+bPm5zTTF+YpCrAU9nK0UgICYPT0QtT1NZWFv4s++TNkcgVaT0g6+4R2uI4MjQjzysHB1zxuWL50hzaeXiw==
  dependencies:
    mime-db "1.52.0"

minimatch@^6.1.6:
  version "6.2.0"
  resolved "https://registry.yarnpkg.com/minimatch/-/minimatch-6.2.0.tgz#2b70fd13294178c69c04dfc05aebdb97a4e79e42"
  integrity sha512-sauLxniAmvnhhRjFwPNnJKaPFYyddAgbYdeUpHULtCT/GhzdCx/MDNy+Y40lBxTQUrMzDE8e0S43Z5uqfO0REg==
  dependencies:
    brace-expansion "^2.0.1"

muggle-string@^0.2.2:
  version "0.2.2"
  resolved "https://registry.yarnpkg.com/muggle-string/-/muggle-string-0.2.2.tgz#786aa53fea1652c61c6a59e1f839292b262bc72a"
  integrity sha512-YVE1mIJ4VpUMqZObFndk9CJu6DBJR/GB13p3tXuNbwD4XExaI5EOuRl6BHeIDxIqXZVxSfAC+y6U1Z/IxCfKUg==

nanoid@^3.3.4:
  version "3.3.4"
  resolved "https://registry.yarnpkg.com/nanoid/-/nanoid-3.3.4.tgz#730b67e3cd09e2deacf03c027c81c9d9dbc5e8ab"
  integrity sha512-MqBkQh/OHTS2egovRtLk45wEyNXwF+cokD+1YPf9u5VfJiRdAiRwB2froX5Co9Rh20xs4siNPm8naNotSD6RBw==

pako@~1.0.2:
  version "1.0.11"
  resolved "https://registry.yarnpkg.com/pako/-/pako-1.0.11.tgz#6c9599d340d54dfd3946380252a35705a6b992bf"
  integrity sha512-4hLB8Py4zZce5s4yd9XzopqwVv/yGNhV1Bl8NTmCq1763HeK2+EwVTv+leGeL13Dnh2wfbqowVPXCIO0z4taYw==

path-parse@^1.0.7:
  version "1.0.7"
  resolved "https://registry.yarnpkg.com/path-parse/-/path-parse-1.0.7.tgz#fbc114b60ca42b30d9daf5858e4bd68bbedb6735"
  integrity sha512-LDJzPVEEEPR+y48z93A0Ed0yXb8pAByGWo/k5YYdYgpY2/2EsOsksJrq7lOHxryrVOn1ejG6oAp8ahvOIQD8sw==

picocolors@^1.0.0:
  version "1.0.0"
  resolved "https://registry.yarnpkg.com/picocolors/-/picocolors-1.0.0.tgz#cb5bdc74ff3f51892236eaf79d68bc44564ab81c"
  integrity sha512-1fygroTLlHu66zi26VoTDv8yRgm0Fccecssto+MhsZ0D/DGW2sm8E8AjW7NU5VVTRt5GxbeZ5qBuJr+HyLYkjQ==

pinia@^2.0.33:
  version "2.0.33"
  resolved "https://registry.yarnpkg.com/pinia/-/pinia-2.0.33.tgz#b70065be697874d5824e9792f59bd5d87ddb5e7d"
  integrity sha512-HOj1yVV2itw6rNIrR2f7+MirGNxhORjrULL8GWgRwXsGSvEqIQ+SE0MYt6cwtpegzCda3i+rVTZM+AM7CG+kRg==
  dependencies:
    "@vue/devtools-api" "^6.5.0"
    vue-demi "*"

postcss@^8.1.10, postcss@^8.4.21:
  version "8.4.21"
  resolved "https://registry.yarnpkg.com/postcss/-/postcss-8.4.21.tgz#c639b719a57efc3187b13a1d765675485f4134f4"
  integrity sha512-tP7u/Sn/dVxK2NnruI4H9BG+x+Wxz6oeZ1cJ8P6G/PZY0IKk4k/63TDsQf2kQq3+qoJeLm2kIBUNlZe3zgb4Zg==
  dependencies:
    nanoid "^3.3.4"
    picocolors "^1.0.0"
    source-map-js "^1.0.2"

process-nextick-args@~2.0.0:
  version "2.0.1"
  resolved "https://registry.yarnpkg.com/process-nextick-args/-/process-nextick-args-2.0.1.tgz#7820d9b16120cc55ca9ae7792680ae7dba6d7fe2"
  integrity sha512-3ouUOpQhtgrbOa17J7+uxOTpITYWaGP7/AhoR3+A+/1e9skrzelGi/dXzEYyvbxubEF6Wn2ypscTKiKJFFn1ag==

promisify-file-reader@^4.1.0:
  version "4.1.0"
  resolved "https://registry.yarnpkg.com/promisify-file-reader/-/promisify-file-reader-4.1.0.tgz#640af500d33c907b48c1837ee95c323360893dac"
  integrity sha512-P5vjkdCy7plxggkQCDzpS7EqgcVzm9Rrbe6fmc4MbNeJ/XCVZiULpLg1Wj68aSL2yH1gOMzq6t05JORaZqVFwQ==

proxy-from-env@^1.1.0:
  version "1.1.0"
  resolved "https://registry.yarnpkg.com/proxy-from-env/-/proxy-from-env-1.1.0.tgz#e102f16ca355424865755d2c9e8ea4f24d58c3e2"
  integrity sha512-D+zkORCbA9f1tdWRK0RaCR3GPv50cMxcrz4X8k5LTSUD1Dkw47mKJEZQNunItRTkWwgtaUSo1RVFRIG9ZXiFYg==

readable-stream@~2.3.6:
  version "2.3.8"
  resolved "https://registry.yarnpkg.com/readable-stream/-/readable-stream-2.3.8.tgz#91125e8042bba1b9887f49345f6277027ce8be9b"
  integrity sha512-8p0AUk4XODgIewSi0l8Epjs+EVnWiK7NoDIEGU0HhE7+ZyY8D1IMY7odu5lRrFXGg71L15KG8QrPmum45RTtdA==
  dependencies:
    core-util-is "~1.0.0"
    inherits "~2.0.3"
    isarray "~1.0.0"
    process-nextick-args "~2.0.0"
    safe-buffer "~5.1.1"
    string_decoder "~1.1.1"
    util-deprecate "~1.0.1"

resolve@^1.22.1:
  version "1.22.1"
  resolved "https://registry.yarnpkg.com/resolve/-/resolve-1.22.1.tgz#27cb2ebb53f91abb49470a928bba7558066ac177"
  integrity sha512-nBpuuYuY5jFsli/JIs1oldw6fOQCBioohqWZg/2hiaOybXOft4lonv85uDOKXdf8rhyK159cxU5cDcK/NKk8zw==
  dependencies:
    is-core-module "^2.9.0"
    path-parse "^1.0.7"
    supports-preserve-symlinks-flag "^1.0.0"

rollup@^3.18.0:
  version "3.19.1"
  resolved "https://registry.yarnpkg.com/rollup/-/rollup-3.19.1.tgz#2b3a31ac1ff9f3afab2e523fa687fef5b0ee20fc"
  integrity sha512-lAbrdN7neYCg/8WaoWn/ckzCtz+jr70GFfYdlf50OF7387HTg+wiuiqJRFYawwSPpqfqDNYqK7smY/ks2iAudg==
  optionalDependencies:
    fsevents "~2.3.2"

safe-buffer@~5.1.0, safe-buffer@~5.1.1:
  version "5.1.2"
  resolved "https://registry.yarnpkg.com/safe-buffer/-/safe-buffer-5.1.2.tgz#991ec69d296e0313747d59bdfd2b745c35f8828d"
  integrity sha512-Gd2UZBJDkXlY7GbJxfsE8/nvKkUEU1G38c1siN6QP6a9PT9MmHB8GnpscSmMJSoF8LOIrt8ud/wPtojys4G6+g==

setimmediate@^1.0.5:
  version "1.0.5"
  resolved "https://registry.yarnpkg.com/setimmediate/-/setimmediate-1.0.5.tgz#290cbb232e306942d7d7ea9b83732ab7856f8285"
  integrity sha512-MATJdZp8sLqDl/68LfQmbP8zKPLQNV6BIZoIgrscFDQ+RsvK/BxeDQOgyxKKoh0y/8h3BqVFnCqQ/gd+reiIXA==

sortablejs@1.14.0:
  version "1.14.0"
  resolved "https://registry.yarnpkg.com/sortablejs/-/sortablejs-1.14.0.tgz#6d2e17ccbdb25f464734df621d4f35d4ab35b3d8"
  integrity sha512-pBXvQCs5/33fdN1/39pPL0NZF20LeRbLQ5jtnheIPN9JQAaufGjKdWduZn4U7wCtVuzKhmRkI0DFYHYRbB2H1w==

source-map-js@^1.0.2:
  version "1.0.2"
  resolved "https://registry.yarnpkg.com/source-map-js/-/source-map-js-1.0.2.tgz#adbc361d9c62df380125e7f161f71c826f1e490c"
  integrity sha512-R0XvVJ9WusLiqTCEiGCmICCMplcCkIwwR11mOSD9CR5u+IXYdiseeEuXCVAjS54zqwkLcPNnmU4OeJ6tUrWhDw==

source-map@^0.6.1:
  version "0.6.1"
  resolved "https://registry.yarnpkg.com/source-map/-/source-map-0.6.1.tgz#74722af32e9614e9c287a8d0bbde48b5e2f1a263"
  integrity sha512-UjgapumWlbMhkBgzT7Ykc5YXUT46F0iKu8SGXq0bcwP5dz/h0Plj6enJqjz1Zbq2l5WaqYnrVbwWOWMyF3F47g==

sourcemap-codec@^1.4.8:
  version "1.4.8"
  resolved "https://registry.yarnpkg.com/sourcemap-codec/-/sourcemap-codec-1.4.8.tgz#ea804bd94857402e6992d05a38ef1ae35a9ab4c4"
  integrity sha512-9NykojV5Uih4lgo5So5dtw+f0JgJX30KCNI8gwhz2J9A15wD0Ml6tjHKwf6fTSa6fAdVBdZeNOs9eJ71qCk8vA==

string_decoder@~1.1.1:
  version "1.1.1"
  resolved "https://registry.yarnpkg.com/string_decoder/-/string_decoder-1.1.1.tgz#9cf1611ba62685d7030ae9e4ba34149c3af03fc8"
  integrity sha512-n/ShnvDi6FHbbVfviro+WojiFzv+s8MPMHBczVePfUpDJLwoLT0ht1l4YwBCbi8pJAveEEdnkHyPyTP/mzRfwg==
  dependencies:
    safe-buffer "~5.1.0"

supports-preserve-symlinks-flag@^1.0.0:
  version "1.0.0"
  resolved "https://registry.yarnpkg.com/supports-preserve-symlinks-flag/-/supports-preserve-symlinks-flag-1.0.0.tgz#6eda4bd344a3c94aea376d4cc31bc77311039e09"
  integrity sha512-ot0WnXS9fgdkgIcePe6RHNk1WA8+muPa6cSjeR3V8K27q9BB1rTE3R1p7Hv0z1ZyAc8s6Vvv8DIyWf681MAt0w==

typeit@^8.7.1:
  version "8.7.1"
  resolved "https://registry.yarnpkg.com/typeit/-/typeit-8.7.1.tgz#d45921def11d4b71a445d34e546a5cdb4d1f9014"
  integrity sha512-Bx/O4NMz10NWh9FWYtVwV4XwGHF9UDJfpCZPJRtw2/oUcahFAStU8J0t19aroPfTV6s1UlS5ICoqilOqmEnh2Q==

typescript@^4.9.3:
  version "4.9.5"
  resolved "https://registry.yarnpkg.com/typescript/-/typescript-4.9.5.tgz#095979f9bcc0d09da324d58d03ce8f8374cbe65a"
  integrity sha512-1FXk9E2Hm+QzZQ7z+McJiHL4NW1F2EzMu9Nq9i3zAaGqibafqYwCVU6WyWAuyQRRzOlxou8xZSyXLEN8oKj24g==

util-deprecate@~1.0.1:
  version "1.0.2"
  resolved "https://registry.yarnpkg.com/util-deprecate/-/util-deprecate-1.0.2.tgz#450d4dc9fa70de732762fbd2d4a28981419a0ccf"
  integrity sha512-EPD5q1uXyFxJpCrLnCc1nHnq3gOa6DZBocAIiI2TaSCA7VCJ1UJDMagCzIkXNsUYfD1daK//LTEQ8xiIbrHtcw==

uuid@^9.0.0:
  version "9.0.0"
  resolved "https://registry.yarnpkg.com/uuid/-/uuid-9.0.0.tgz#592f550650024a38ceb0c562f2f6aa435761efb5"
  integrity sha512-MXcSTerfPa4uqyzStbRoTgt5XIe3x5+42+q1sDuy3R5MDk66URdLMOZe5aPX/SQd+kuYAh0FdP/pO28IkQyTeg==

vite@^4.2.0:
  version "4.2.0"
  resolved "https://registry.yarnpkg.com/vite/-/vite-4.2.0.tgz#d4e6eafbc034f3faf0ab376bd5b76ac15775eb99"
  integrity sha512-AbDTyzzwuKoRtMIRLGNxhLRuv1FpRgdIw+1y6AQG73Q5+vtecmvzKo/yk8X/vrHDpETRTx01ABijqUHIzBXi0g==
  dependencies:
    esbuild "^0.17.5"
    postcss "^8.4.21"
    resolve "^1.22.1"
    rollup "^3.18.0"
  optionalDependencies:
    fsevents "~2.3.2"

vue-chartjs@^5.2.0:
  version "5.2.0"
  resolved "https://registry.yarnpkg.com/vue-chartjs/-/vue-chartjs-5.2.0.tgz#3d0076ccf8016d1bf8fab5ccd837e7fb81005ded"
  integrity sha512-d3zpKmGZr2OWHQ1xmxBcAn5ShTG917+/UCLaSpaCDDqT0U7DBsvFzTs69ZnHCgKoXT55GZDW8YEj9Av+dlONLA==

vue-demi@*:
  version "0.13.11"
  resolved "https://registry.yarnpkg.com/vue-demi/-/vue-demi-0.13.11.tgz#7d90369bdae8974d87b1973564ad390182410d99"
  integrity sha512-IR8HoEEGM65YY3ZJYAjMlKygDQn25D5ajNFNoKh9RSDMQtlzCxtfQjdQgv9jjK+m3377SsJXY8ysq8kLCZL25A==

vue-html-secure@^1.0.10:
  version "1.0.10"
  resolved "https://registry.yarnpkg.com/vue-html-secure/-/vue-html-secure-1.0.10.tgz#130a038a7cd10d0870847668f6a0d6d5eead9853"
  integrity sha512-Cvlg0vYQiRxouXMFHQ87n5AIadl8SnrTNKbNENhJMlQIyrFkbXZ8yjn4c03BB0BeoPOf8vHKSx8f4yR3BIqYjQ==

vue-router@^4.1.6:
  version "4.1.6"
  resolved "https://registry.yarnpkg.com/vue-router/-/vue-router-4.1.6.tgz#b70303737e12b4814578d21d68d21618469375a1"
  integrity sha512-DYWYwsG6xNPmLq/FmZn8Ip+qrhFEzA14EI12MsMgVxvHFDYvlr4NXpVF5hrRH1wVcDP8fGi5F4rxuJSl8/r+EQ==
  dependencies:
    "@vue/devtools-api" "^6.4.5"

vue-template-compiler@^2.7.14:
  version "2.7.14"
  resolved "https://registry.yarnpkg.com/vue-template-compiler/-/vue-template-compiler-2.7.14.tgz#4545b7dfb88090744c1577ae5ac3f964e61634b1"
  integrity sha512-zyA5Y3ArvVG0NacJDkkzJuPQDF8RFeRlzV2vLeSnhSpieO6LK2OVbdLPi5MPPs09Ii+gMO8nY4S3iKQxBxDmWQ==
  dependencies:
    de-indent "^1.0.2"
    he "^1.2.0"

vue-tsc@^1.2.0:
  version "1.2.0"
  resolved "https://registry.yarnpkg.com/vue-tsc/-/vue-tsc-1.2.0.tgz#2b64b960cc96208492541394423ace589a461be6"
  integrity sha512-rIlzqdrhyPYyLG9zxsVRa+JEseeS9s8F2BbVVVWRRsTZvJO2BbhLEb2HW3MY+DFma0378tnIqs+vfTzbcQtRFw==
  dependencies:
    "@volar/vue-language-core" "1.2.0"
    "@volar/vue-typescript" "1.2.0"

vue@^3.2.47:
  version "3.2.47"
  resolved "https://registry.yarnpkg.com/vue/-/vue-3.2.47.tgz#3eb736cbc606fc87038dbba6a154707c8a34cff0"
  integrity sha512-60188y/9Dc9WVrAZeUVSDxRQOZ+z+y5nO2ts9jWXSTkMvayiWxCWOWtBQoYjLeccfXkiiPZWAHcV+WTPhkqJHQ==
  dependencies:
    "@vue/compiler-dom" "3.2.47"
    "@vue/compiler-sfc" "3.2.47"
    "@vue/runtime-dom" "3.2.47"
    "@vue/server-renderer" "3.2.47"
    "@vue/shared" "3.2.47"

vuedraggable@^4.1.0:
  version "4.1.0"
  resolved "https://registry.yarnpkg.com/vuedraggable/-/vuedraggable-4.1.0.tgz#edece68adb8a4d9e06accff9dfc9040e66852270"
  integrity sha512-FU5HCWBmsf20GpP3eudURW3WdWTKIbEIQxh9/8GE806hydR9qZqRRxRE3RjqX7PkuLuMQG/A7n3cfj9rCEchww==
  dependencies:
    sortablejs "1.14.0"

vuetify@^3.1.10:
  version "3.1.10"
  resolved "https://registry.yarnpkg.com/vuetify/-/vuetify-3.1.10.tgz#95f5d88eb587fdda079970a4c6a0fa66b9387426"
  integrity sha512-TFugKhjYO+xktnexHcs/vdsqtq+MZk8MDLbSJX9vMsA58LPwO4atdBbWhQ1Pf8q1jPISpxDF6njjsZHPQQsHCA==
