{
  "requires": true,
  "lockfileVersion": 1,
  "dependencies": {
    "encoding": {
      "version": "0.1.13",
      "resolved": "https://registry.npmjs.org/encoding/-/encoding-0.1.13.tgz",
      "integrity": "sha512-ETBauow1T35Y/WZMkio9jiM0Z5xjHHmJ4XmjZOq1l/dXz3lr2sRn87nJy20RupqSh1F2m3HHPSp8ShIPQJrJ3A==",
      "requires": {
        "iconv-lite": "^0.6.2"
      }
    },
    "form-urlencoded": {
      "version": "2.0.9",
      "resolved": "https://registry.npmjs.org/form-urlencoded/-/form-urlencoded-2.0.9.tgz",
      "integrity": "sha512-fWUzNiOnYa126vFAT6TFXd1mhJrvD8IqmQ9ilZPjkLYQfaRreBr5fIUoOpPlWtqaAG64nzoE7u5zSetifab9IA=="
    },
    "iconv-lite": {
      "version": "0.6.2",
      "resolved": "https://registry.npmjs.org/iconv-lite/-/iconv-lite-0.6.2.tgz",
      "integrity": "sha512-2y91h5OpQlolefMPmUlivelittSWy0rP+oYVpn6A7GwVHNE8AWzoYOBNmlwks3LobaJxgHCYZAnyNo2GgpNRNQ==",
      "requires": {
        "safer-buffer": ">= 2.1.2 < 3.0.0"
      }
    },
    "is-plain-object": {
      "version": "2.0.4",
      "resolved": "https://registry.npmjs.org/is-plain-object/-/is-plain-object-2.0.4.tgz",
      "integrity": "sha512-h5PpgXkWitc38BBMYawTYMWJHFZJVnBquFE57xFpjB8pJFiF6gZ+bU+WyI/yqXiFR5mdLsgYNaPe8uao6Uv9Og==",
      "requires": {
        "isobject": "^3.0.1"
      }
    },
    "is-stream": {
      "version": "1.1.0",
      "resolved": "https://registry.npmjs.org/is-stream/-/is-stream-1.1.0.tgz",
      "integrity": "sha1-EtSj3U5o4Lec6428hBc66A2RykQ="
    },
    "isobject": {
      "version": "3.0.1",
      "resolved": "https://registry.npmjs.org/isobject/-/isobject-3.0.1.tgz",
      "integrity": "sha1-TkMekrEalzFjaqH5yNHMvP2reN8="
    },
    "isomorphic-fetch": {
      "version": "2.2.1",
      "resolved": "https://registry.npmjs.org/isomorphic-fetch/-/isomorphic-fetch-2.2.1.tgz",
      "integrity": "sha1-YRrhrPFPXoH3KVB0coGf6XM1WKk=",
      "requires": {
        "node-fetch": "^1.0.1",
        "whatwg-fetch": ">=0.10.0"
      }
    },
    "jsonapi-datastore": {
      "version": "0.4.0-beta",
      "resolved": "https://registry.npmjs.org/jsonapi-datastore/-/jsonapi-datastore-0.4.0-beta.tgz",
      "integrity": "sha1-tJn86STUXivDxheGgVIAY+I2HxA="
    },
    "node-fetch": {
      "version": "1.7.3",
      "resolved": "https://registry.npmjs.org/node-fetch/-/node-fetch-1.7.3.tgz",
      "integrity": "sha512-NhZ4CsKx7cYm2vSrBAr2PvFOe6sWDf0UYLRqA6svUYg7+/TSfVAu49jYC4BvQ4Sms9SZgdqGBgroqfDhJdTyKQ==",
      "requires": {
        "encoding": "^0.1.11",
        "is-stream": "^1.0.1"
      }
    },
    "patreon": {
      "version": "0.4.1",
      "resolved": "https://registry.npmjs.org/patreon/-/patreon-0.4.1.tgz",
      "integrity": "sha512-aLhjx4rg2BArTq0Kg61MrM4dkJnTQ9kPN8F6a2IlQoYVEtIH7kUK/dprClTx+QYQKlXMfKksN9NCux1YarQJsQ==",
      "requires": {
        "form-urlencoded": "^2.0.4",
        "is-plain-object": "^2.0.4",
        "isomorphic-fetch": "^2.2.1",
        "jsonapi-datastore": "^0.4.0-beta"
      }
    },
    "safer-buffer": {
      "version": "2.1.2",
      "resolved": "https://registry.npmjs.org/safer-buffer/-/safer-buffer-2.1.2.tgz",
      "integrity": "sha512-YZo3K82SD7Riyi0E1EQPojLz7kpepnSQI9IyPbHHg1XXXevb5dJI7tpyN2ADxGcQbHG7vcyRHk0cbwqcQriUtg=="
    },
    "whatwg-fetch": {
      "version": "3.5.0",
      "resolved": "https://registry.npmjs.org/whatwg-fetch/-/whatwg-fetch-3.5.0.tgz",
      "integrity": "sha512-jXkLtsR42xhXg7akoDKvKWE40eJeI+2KZqcp2h3NsOrRnDvtWX36KcKl30dy+hxECivdk2BVUHVNrPtoMBUx6A=="
    }
  }
}
